// !$*UTF8*$!
{
	archiveVersion = 1;
	classes = {
	};
	objectVersion = 48;
	objects = {

/* Begin PBXBuildFile section */
		241532F32013054F00393B93 /* AppDelegate.m in Sources */ = {isa = PBXBuildFile; fileRef = 241532F22013054F00393B93 /* AppDelegate.m */; };
		241532F62013054F00393B93 /* ViewController.m in Sources */ = {isa = PBXBuildFile; fileRef = 241532F52013054F00393B93 /* ViewController.m */; };
		241532F92013055000393B93 /* Main.storyboard in Resources */ = {isa = PBXBuildFile; fileRef = 241532F72013055000393B93 /* Main.storyboard */; };
		241532FB2013055000393B93 /* Assets.xcassets in Resources */ = {isa = PBXBuildFile; fileRef = 241532FA2013055000393B93 /* Assets.xcassets */; };
		241532FE2013055000393B93 /* LaunchScreen.storyboard in Resources */ = {isa = PBXBuildFile; fileRef = 241532FC2013055000393B93 /* LaunchScreen.storyboard */; };
		241533012013055000393B93 /* main.m in Sources */ = {isa = PBXBuildFile; fileRef = 241533002013055000393B93 /* main.m */; };
		2415331E20130D5C00393B93 /* JHCollectionReusableView.m in Sources */ = {isa = PBXBuildFile; fileRef = 2415331920130D5B00393B93 /* JHCollectionReusableView.m */; };
		2415331F20130D5C00393B93 /* JHCollectionViewFlowLayout.m in Sources */ = {isa = PBXBuildFile; fileRef = 2415331B20130D5B00393B93 /* JHCollectionViewFlowLayout.m */; };
		2415332020130D5C00393B93 /* JHCollectionViewLayoutAttributes.m in Sources */ = {isa = PBXBuildFile; fileRef = 2415331D20130D5C00393B93 /* JHCollectionViewLayoutAttributes.m */; };
		797B2B052B7C34F64E98AB58 /* libPods-CollectionListDemo.a in Frameworks */ = {isa = PBXBuildFile; fileRef = 63A7B9EF42F7B10DCAC67F6E /* libPods-CollectionListDemo.a */; };
		9F8880AA20142D2F0008C5AB /* ItemController.m in Sources */ = {isa = PBXBuildFile; fileRef = 9F8880A920142D2F0008C5AB /* ItemController.m */; };
/* End PBXBuildFile section */

/* Begin PBXFileReference section */
		144A57BE853434C563750542 /* Pods-CollectionListDemo.release.xcconfig */ = {isa = PBXFileReference; includeInIndex = 1; lastKnownFileType = text.xcconfig; name = "Pods-CollectionListDemo.release.xcconfig"; path = "Pods/Target Support Files/Pods-CollectionListDemo/Pods-CollectionListDemo.release.xcconfig"; sourceTree = "<group>"; };
		241532EE2013054F00393B93 /* CollectionListDemo.app */ = {isa = PBXFileReference; explicitFileType = wrapper.application; includeInIndex = 0; path = CollectionListDemo.app; sourceTree = BUILT_PRODUCTS_DIR; };
		241532F12013054F00393B93 /* AppDelegate.h */ = {isa = PBXFileReference; lastKnownFileType = sourcecode.c.h; path = AppDelegate.h; sourceTree = "<group>"; };
		241532F22013054F00393B93 /* AppDelegate.m */ = {isa = PBXFileReference; lastKnownFileType = sourcecode.c.objc; path = AppDelegate.m; sourceTree = "<group>"; };
		241532F42013054F00393B93 /* ViewController.h */ = {isa = PBXFileReference; lastKnownFileType = sourcecode.c.h; path = ViewController.h; sourceTree = "<group>"; };
		241532F52013054F00393B93 /* ViewController.m */ = {isa = PBXFileReference; lastKnownFileType = sourcecode.c.objc; path = ViewController.m; sourceTree = "<group>"; };
		241532F82013055000393B93 /* Base */ = {isa = PBXFileReference; lastKnownFileType = file.storyboard; name = Base; path = Base.lproj/Main.storyboard; sourceTree = "<group>"; };
		241532FA2013055000393B93 /* Assets.xcassets */ = {isa = PBXFileReference; lastKnownFileType = folder.assetcatalog; path = Assets.xcassets; sourceTree = "<group>"; };
		241532FD2013055000393B93 /* Base */ = {isa = PBXFileReference; lastKnownFileType = file.storyboard; name = Base; path = Base.lproj/LaunchScreen.storyboard; sourceTree = "<group>"; };
		241532FF2013055000393B93 /* Info.plist */ = {isa = PBXFileReference; lastKnownFileType = text.plist.xml; path = Info.plist; sourceTree = "<group>"; };
		241533002013055000393B93 /* main.m */ = {isa = PBXFileReference; lastKnownFileType = sourcecode.c.objc; path = main.m; sourceTree = "<group>"; };
		2415331820130D5B00393B93 /* JHCollectionReusableView.h */ = {isa = PBXFileReference; fileEncoding = 4; lastKnownFileType = sourcecode.c.h; path = JHCollectionReusableView.h; sourceTree = "<group>"; };
		2415331920130D5B00393B93 /* JHCollectionReusableView.m */ = {isa = PBXFileReference; fileEncoding = 4; lastKnownFileType = sourcecode.c.objc; path = JHCollectionReusableView.m; sourceTree = "<group>"; };
		2415331A20130D5B00393B93 /* JHCollectionViewFlowLayout.h */ = {isa = PBXFileReference; fileEncoding = 4; lastKnownFileType = sourcecode.c.h; path = JHCollectionViewFlowLayout.h; sourceTree = "<group>"; };
		2415331B20130D5B00393B93 /* JHCollectionViewFlowLayout.m */ = {isa = PBXFileReference; fileEncoding = 4; lastKnownFileType = sourcecode.c.objc; path = JHCollectionViewFlowLayout.m; sourceTree = "<group>"; };
		2415331C20130D5B00393B93 /* JHCollectionViewLayoutAttributes.h */ = {isa = PBXFileReference; fileEncoding = 4; lastKnownFileType = sourcecode.c.h; path = JHCollectionViewLayoutAttributes.h; sourceTree = "<group>"; };
		2415331D20130D5C00393B93 /* JHCollectionViewLayoutAttributes.m */ = {isa = PBXFileReference; fileEncoding = 4; lastKnownFileType = sourcecode.c.objc; path = JHCollectionViewLayoutAttributes.m; sourceTree = "<group>"; };
		57DF9DADE0FB0438D1379622 /* Pods-CollectionListDemo.debug.xcconfig */ = {isa = PBXFileReference; includeInIndex = 1; lastKnownFileType = text.xcconfig; name = "Pods-CollectionListDemo.debug.xcconfig"; path = "Pods/Target Support Files/Pods-CollectionListDemo/Pods-CollectionListDemo.debug.xcconfig"; sourceTree = "<group>"; };
		63A7B9EF42F7B10DCAC67F6E /* libPods-CollectionListDemo.a */ = {isa = PBXFileReference; explicitFileType = archive.ar; includeInIndex = 0; path = "libPods-CollectionListDemo.a"; sourceTree = BUILT_PRODUCTS_DIR; };
		9F8880A820142D2F0008C5AB /* ItemController.h */ = {isa = PBXFileReference; lastKnownFileType = sourcecode.c.h; path = ItemController.h; sourceTree = "<group>"; };
		9F8880A920142D2F0008C5AB /* ItemController.m */ = {isa = PBXFileReference; lastKnownFileType = sourcecode.c.objc; path = ItemController.m; sourceTree = "<group>"; };
/* End PBXFileReference section */

/* Begin PBXFrameworksBuildPhase section */
		241532EB2013054F00393B93 /* Frameworks */ = {
			isa = PBXFrameworksBuildPhase;
			buildActionMask = 2147483647;
			files = (
				797B2B052B7C34F64E98AB58 /* libPods-CollectionListDemo.a in Frameworks */,
			);
			runOnlyForDeploymentPostprocessing = 0;
		};
/* End PBXFrameworksBuildPhase section */

/* Begin PBXGroup section */
		241532E52013054F00393B93 = {
			isa = PBXGroup;
			children = (
				241532F02013054F00393B93 /* CollectionListDemo */,
				241532EF2013054F00393B93 /* Products */,
				B3FD1638AB6D294A4EB307CC /* Pods */,
				4F36C9C38B959D7EEA00F9C9 /* Frameworks */,
			);
			sourceTree = "<group>";
		};
		241532EF2013054F00393B93 /* Products */ = {
			isa = PBXGroup;
			children = (
				241532EE2013054F00393B93 /* CollectionListDemo.app */,
			);
			name = Products;
			sourceTree = "<group>";
		};
		241532F02013054F00393B93 /* CollectionListDemo */ = {
			isa = PBXGroup;
			children = (
				2415331720130D5B00393B93 /* Class */,
				241532F12013054F00393B93 /* AppDelegate.h */,
				241532F22013054F00393B93 /* AppDelegate.m */,
				241532F42013054F00393B93 /* ViewController.h */,
				241532F52013054F00393B93 /* ViewController.m */,
				241532F72013055000393B93 /* Main.storyboard */,
				241532FA2013055000393B93 /* Assets.xcassets */,
				241532FC2013055000393B93 /* LaunchScreen.storyboard */,
				241532FF2013055000393B93 /* Info.plist */,
				241533002013055000393B93 /* main.m */,
				9F8880A820142D2F0008C5AB /* ItemController.h */,
				9F8880A920142D2F0008C5AB /* ItemController.m */,
			);
			path = CollectionListDemo;
			sourceTree = "<group>";
		};
		2415331720130D5B00393B93 /* Class */ = {
			isa = PBXGroup;
			children = (
				2415331820130D5B00393B93 /* JHCollectionReusableView.h */,
				2415331920130D5B00393B93 /* JHCollectionReusableView.m */,
				2415331A20130D5B00393B93 /* JHCollectionViewFlowLayout.h */,
				2415331B20130D5B00393B93 /* JHCollectionViewFlowLayout.m */,
				2415331C20130D5B00393B93 /* JHCollectionViewLayoutAttributes.h */,
				2415331D20130D5C00393B93 /* JHCollectionViewLayoutAttributes.m */,
			);
			path = Class;
			sourceTree = "<group>";
		};
		4F36C9C38B959D7EEA00F9C9 /* Frameworks */ = {
			isa = PBXGroup;
			children = (
				63A7B9EF42F7B10DCAC67F6E /* libPods-CollectionListDemo.a */,
			);
			name = Frameworks;
			sourceTree = "<group>";
		};
		B3FD1638AB6D294A4EB307CC /* Pods */ = {
			isa = PBXGroup;
			children = (
				57DF9DADE0FB0438D1379622 /* Pods-CollectionListDemo.debug.xcconfig */,
				144A57BE853434C563750542 /* Pods-CollectionListDemo.release.xcconfig */,
			);
			name = Pods;
			sourceTree = "<group>";
		};
/* End PBXGroup section */

/* Begin PBXNativeTarget section */
		241532ED2013054F00393B93 /* CollectionListDemo */ = {
			isa = PBXNativeTarget;
			buildConfigurationList = 241533042013055000393B93 /* Build configuration list for PBXNativeTarget "CollectionListDemo" */;
			buildPhases = (
				7713106E3CF2739ECD8C945A /* [CP] Check Pods Manifest.lock */,
				241532EA2013054F00393B93 /* Sources */,
				241532EB2013054F00393B93 /* Frameworks */,
				241532EC2013054F00393B93 /* Resources */,
				6EA4EE3D265AA63BA90F58A6 /* [CP] Embed Pods Frameworks */,
				E6D56DF1D61DD61BA6FA1E91 /* [CP] Copy Pods Resources */,
			);
			buildRules = (
			);
			dependencies = (
			);
			name = CollectionListDemo;
			productName = CollectionListDemo;
			productReference = 241532EE2013054F00393B93 /* CollectionListDemo.app */;
			productType = "com.apple.product-type.application";
		};
/* End PBXNativeTarget section */

/* Begin PBXProject section */
		241532E62013054F00393B93 /* Project object */ = {
			isa = PBXProject;
			attributes = {
				LastUpgradeCheck = 0920;
				ORGANIZATIONNAME = hikvision;
				TargetAttributes = {
					241532ED2013054F00393B93 = {
						CreatedOnToolsVersion = 9.2;
						ProvisioningStyle = Manual;
					};
				};
			};
			buildConfigurationList = 241532E92013054F00393B93 /* Build configuration list for PBXProject "CollectionListDemo" */;
			compatibilityVersion = "Xcode 8.0";
			developmentRegion = en;
			hasScannedForEncodings = 0;
			knownRegions = (
				en,
				Base,
			);
			mainGroup = 241532E52013054F00393B93;
			productRefGroup = 241532EF2013054F00393B93 /* Products */;
			projectDirPath = "";
			projectRoot = "";
			targets = (
				241532ED2013054F00393B93 /* CollectionListDemo */,
			);
		};
/* End PBXProject section */

/* Begin PBXResourcesBuildPhase section */
		241532EC2013054F00393B93 /* Resources */ = {
			isa = PBXResourcesBuildPhase;
			buildActionMask = 2147483647;
			files = (
				241532FE2013055000393B93 /* LaunchScreen.storyboard in Resources */,
				241532FB2013055000393B93 /* Assets.xcassets in Resources */,
				241532F92013055000393B93 /* Main.storyboard in Resources */,
			);
			runOnlyForDeploymentPostprocessing = 0;
		};
/* End PBXResourcesBuildPhase section */

/* Begin PBXShellScriptBuildPhase section */
		6EA4EE3D265AA63BA90F58A6 /* [CP] Embed Pods Frameworks */ = {
			isa = PBXShellScriptBuildPhase;
			buildActionMask = 2147483647;
			files = (
			);
			inputPaths = (
			);
			name = "[CP] Embed Pods Frameworks";
			outputPaths = (
			);
			runOnlyForDeploymentPostprocessing = 0;
			shellPath = /bin/sh;
			shellScript = "\"${SRCROOT}/Pods/Target Support Files/Pods-CollectionListDemo/Pods-CollectionListDemo-frameworks.sh\"\n";
			showEnvVarsInLog = 0;
		};
		7713106E3CF2739ECD8C945A /* [CP] Check Pods Manifest.lock */ = {
			isa = PBXShellScriptBuildPhase;
			buildActionMask = 2147483647;
			files = (
			);
			inputPaths = (
				"${PODS_PODFILE_DIR_PATH}/Podfile.lock",
				"${PODS_ROOT}/Manifest.lock",
			);
			name = "[CP] Check Pods Manifest.lock";
			outputPaths = (
				"$(DERIVED_FILE_DIR)/Pods-CollectionListDemo-checkManifestLockResult.txt",
			);
			runOnlyForDeploymentPostprocessing = 0;
			shellPath = /bin/sh;
			shellScript = "diff \"${PODS_PODFILE_DIR_PATH}/Podfile.lock\" \"${PODS_ROOT}/Manifest.lock\" > /dev/null\nif [ $? != 0 ] ; then\n    # print error to STDERR\n    echo \"error: The sandbox is not in sync with the Podfile.lock. Run 'pod install' or update your CocoaPods installation.\" >&2\n    exit 1\nfi\n# This output is used by Xcode 'outputs' to avoid re-running this script phase.\necho \"SUCCESS\" > \"${SCRIPT_OUTPUT_FILE_0}\"\n";
			showEnvVarsInLog = 0;
		};
		E6D56DF1D61DD61BA6FA1E91 /* [CP] Copy Pods Resources */ = {
			isa = PBXShellScriptBuildPhase;
			buildActionMask = 2147483647;
			files = (
			);
			inputPaths = (
			);
			name = "[CP] Copy Pods Resources";
			outputPaths = (
			);
			runOnlyForDeploymentPostprocessing = 0;
			shellPath = /bin/sh;
			shellScript = "\"${SRCROOT}/Pods/Target Support Files/Pods-CollectionListDemo/Pods-CollectionListDemo-resources.sh\"\n";
			showEnvVarsInLog = 0;
		};
/* End PBXShellScriptBuildPhase section */

/* Begin PBXSourcesBuildPhase section */
		241532EA2013054F00393B93 /* Sources */ = {
			isa = PBXSourcesBuildPhase;
			buildActionMask = 2147483647;
			files = (
				9F8880AA20142D2F0008C5AB /* ItemController.m in Sources */,
				241532F62013054F00393B93 /* ViewController.m in Sources */,
				2415332020130D5C00393B93 /* JHCollectionViewLayoutAttributes.m in Sources */,
				2415331E20130D5C00393B93 /* JHCollectionReusableView.m in Sources */,
				241533012013055000393B93 /* main.m in Sources */,
				2415331F20130D5C00393B93 /* JHCollectionViewFlowLayout.m in Sources */,
				241532F32013054F00393B93 /* AppDelegate.m in Sources */,
			);
			runOnlyForDeploymentPostprocessing = 0;
		};
/* End PBXSourcesBuildPhase section */

/* Begin PBXVariantGroup section */
		241532F72013055000393B93 /* Main.storyboard */ = {
			isa = PBXVariantGroup;
			children = (
				241532F82013055000393B93 /* Base */,
			);
			name = Main.storyboard;
			sourceTree = "<group>";
		};
		241532FC2013055000393B93 /* LaunchScreen.storyboard */ = {
			isa = PBXVariantGroup;
			children = (
				241532FD2013055000393B93 /* Base */,
			);
			name = LaunchScreen.storyboard;
			sourceTree = "<group>";
		};
/* End PBXVariantGroup section */

/* Begin XCBuildConfiguration section */
		241533022013055000393B93 /* Debug */ = {
			isa = XCBuildConfiguration;
			buildSettings = {
				ALWAYS_SEARCH_USER_PATHS = NO;
				CLANG_ANALYZER_NONNULL = YES;
				CLANG_ANALYZER_NUMBER_OBJECT_CONVERSION = YES_AGGRESSIVE;
				CLANG_CXX_LANGUAGE_STANDARD = "gnu++14";
				CLANG_CXX_LIBRARY = "libc++";
				CLANG_ENABLE_MODULES = YES;
				CLANG_ENABLE_OBJC_ARC = YES;
				CLANG_WARN_BLOCK_CAPTURE_AUTORELEASING = YES;
				CLANG_WARN_BOOL_CONVERSION = YES;
				CLANG_WARN_COMMA = YES;
				CLANG_WARN_CONSTANT_CONVERSION = YES;
				CLANG_WARN_DIRECT_OBJC_ISA_USAGE = YES_ERROR;
				CLANG_WARN_DOCUMENTATION_COMMENTS = YES;
				CLANG_WARN_EMPTY_BODY = YES;
				CLANG_WARN_ENUM_CONVERSION = YES;
				CLANG_WARN_INFINITE_RECURSION = YES;
				CLANG_WARN_INT_CONVERSION = YES;
				CLANG_WARN_NON_LITERAL_NULL_CONVERSION = YES;
				CLANG_WARN_OBJC_LITERAL_CONVERSION = YES;
				CLANG_WARN_OBJC_ROOT_CLASS = YES_ERROR;
				CLANG_WARN_RANGE_LOOP_ANALYSIS = YES;
				CLANG_WARN_STRICT_PROTOTYPES = YES;
				CLANG_WARN_SUSPICIOUS_MOVE = YES;
				CLANG_WARN_UNGUARDED_AVAILABILITY = YES_AGGRESSIVE;
				CLANG_WARN_UNREACHABLE_CODE = YES;
				CLANG_WARN__DUPLICATE_METHOD_MATCH = YES;
				CODE_SIGN_IDENTITY = "iPhone Developer";
				COPY_PHASE_STRIP = NO;
				DEBUG_INFORMATION_FORMAT = dwarf;
				ENABLE_STRICT_OBJC_MSGSEND = YES;
				ENABLE_TESTABILITY = YES;
				GCC_C_LANGUAGE_STANDARD = gnu11;
				GCC_DYNAMIC_NO_PIC = NO;
				GCC_NO_COMMON_BLOCKS = YES;
				GCC_OPTIMIZATION_LEVEL = 0;
				GCC_PREPROCESSOR_DEFINITIONS = (
					"DEBUG=1",
					"$(inherited)",
				);
				GCC_WARN_64_TO_32_BIT_CONVERSION = YES;
				GCC_WARN_ABOUT_RETURN_TYPE = YES_ERROR;
				GCC_WARN_UNDECLARED_SELECTOR = YES;
				GCC_WARN_UNINITIALIZED_AUTOS = YES_AGGRESSIVE;
				GCC_WARN_UNUSED_FUNCTION = YES;
				GCC_WARN_UNUSED_VARIABLE = YES;
				IPHONEOS_DEPLOYMENT_TARGET = 11.2;
				MTL_ENABLE_DEBUG_INFO = YES;
				ONLY_ACTIVE_ARCH = YES;
				SDKROOT = iphoneos;
			};
			name = Debug;
		};
		241533032013055000393B93 /* Release */ = {
			isa = XCBuildConfiguration;
			buildSettings = {
				ALWAYS_SEARCH_USER_PATHS = NO;
				CLANG_ANALYZER_NONNULL = YES;
				CLANG_ANALYZER_NUMBER_OBJECT_CONVERSION = YES_AGGRESSIVE;
				CLANG_CXX_LANGUAGE_STANDARD = "gnu++14";
				CLANG_CXX_LIBRARY = "libc++";
				CLANG_ENABLE_MODULES = YES;
				CLANG_ENABLE_OBJC_ARC = YES;
				CLANG_WARN_BLOCK_CAPTURE_AUTORELEASING = YES;
				CLANG_WARN_BOOL_CONVERSION = YES;
				CLANG_WARN_COMMA = YES;
				CLANG_WARN_CONSTANT_CONVERSION = YES;
				CLANG_WARN_DIRECT_OBJC_ISA_USAGE = YES_ERROR;
				CLANG_WARN_DOCUMENTATION_COMMENTS = YES;
				CLANG_WARN_EMPTY_BODY = YES;
				CLANG_WARN_ENUM_CONVERSION = YES;
				CLANG_WARN_INFINITE_RECURSION = YES;
				CLANG_WARN_INT_CONVERSION = YES;
				CLANG_WARN_NON_LITERAL_NULL_CONVERSION = YES;
				CLANG_WARN_OBJC_LITERAL_CONVERSION = YES;
				CLANG_WARN_OBJC_ROOT_CLASS = YES_ERROR;
				CLANG_WARN_RANGE_LOOP_ANALYSIS = YES;
				CLANG_WARN_STRICT_PROTOTYPES = YES;
				CLANG_WARN_SUSPICIOUS_MOVE = YES;
				CLANG_WARN_UNGUARDED_AVAILABILITY = YES_AGGRESSIVE;
				CLANG_WARN_UNREACHABLE_CODE = YES;
				CLANG_WARN__DUPLICATE_METHOD_MATCH = YES;
				CODE_SIGN_IDENTITY = "iPhone Developer";
				COPY_PHASE_STRIP = NO;
				DEBUG_INFORMATION_FORMAT = "dwarf-with-dsym";
				ENABLE_NS_ASSERTIONS = NO;
				ENABLE_STRICT_OBJC_MSGSEND = YES;
				GCC_C_LANGUAGE_STANDARD = gnu11;
				GCC_NO_COMMON_BLOCKS = YES;
				GCC_WARN_64_TO_32_BIT_CONVERSION = YES;
				GCC_WARN_ABOUT_RETURN_TYPE = YES_ERROR;
				GCC_WARN_UNDECLARED_SELECTOR = YES;
				GCC_WARN_UNINITIALIZED_AUTOS = YES_AGGRESSIVE;
				GCC_WARN_UNUSED_FUNCTION = YES;
				GCC_WARN_UNUSED_VARIABLE = YES;
				IPHONEOS_DEPLOYMENT_TARGET = 11.2;
				MTL_ENABLE_DEBUG_INFO = NO;
				SDKROOT = iphoneos;
				VALIDATE_PRODUCT = YES;
			};
			name = Release;
		};
		241533052013055000393B93 /* Debug */ = {
			isa = XCBuildConfiguration;
			baseConfigurationReference = 57DF9DADE0FB0438D1379622 /* Pods-CollectionListDemo.debug.xcconfig */;
			buildSettings = {
				ASSETCATALOG_COMPILER_APPICON_NAME = AppIcon;
				CODE_SIGN_IDENTITY = "iPhone Developer: 琦 宋 (TRWTBPAGG3)";
				CODE_SIGN_STYLE = Manual;
				DEVELOPMENT_TEAM = "";
				INFOPLIST_FILE = CollectionListDemo/Info.plist;
				IPHONEOS_DEPLOYMENT_TARGET = 9.0;
				LD_RUNPATH_SEARCH_PATHS = "$(inherited) @executable_path/Frameworks";
				PRODUCT_BUNDLE_IDENTIFIER = com.hikvision.CollectionListDemo;
				PRODUCT_NAME = "$(TARGET_NAME)";
				PROVISIONING_PROFILE_SPECIFIER = "共享及行业专用描述文件";
				TARGETED_DEVICE_FAMILY = "1,2";
			};
			name = Debug;
		};
		241533062013055000393B93 /* Release */ = {
			isa = XCBuildConfiguration;
			baseConfigurationReference = 144A57BE853434C563750542 /* Pods-CollectionListDemo.release.xcconfig */;
			buildSettings = {
				ASSETCATALOG_COMPILER_APPICON_NAME = AppIcon;
				CODE_SIGN_IDENTITY = "iPhone Developer: 琦 宋 (TRWTBPAGG3)";
				CODE_SIGN_STYLE = Manual;
				DEVELOPMENT_TEAM = "";
				INFOPLIST_FILE = CollectionListDemo/Info.plist;
				IPHONEOS_DEPLOYMENT_TARGET = 9.0;
				LD_RUNPATH_SEARCH_PATHS = "$(inherited) @executable_path/Frameworks";
				PRODUCT_BUNDLE_IDENTIFIER = com.hikvision.CollectionListDemo;
				PRODUCT_NAME = "$(TARGET_NAME)";
				PROVISIONING_PROFILE_SPECIFIER = "共享及行业专用描述文件";
				TARGETED_DEVICE_FAMILY = "1,2";
			};
			name = Release;
		};
/* End XCBuildConfiguration section */

/* Begin XCConfigurationList section */
		241532E92013054F00393B93 /* Build configuration list for PBXProject "CollectionListDemo" */ = {
			isa = XCConfigurationList;
			buildConfigurations = (
				241533022013055000393B93 /* Debug */,
				241533032013055000393B93 /* Release */,
			);
			defaultConfigurationIsVisible = 0;
			defaultConfigurationName = Release;
		};
		241533042013055000393B93 /* Build configuration list for PBXNativeTarget "CollectionListDemo" */ = {
			isa = XCConfigurationList;
			buildConfigurations = (
				241533052013055000393B93 /* Debug */,
				241533062013055000393B93 /* Release */,
			);
			defaultConfigurationIsVisible = 0;
			defaultConfigurationName = Release;
		};
/* End XCConfigurationList section */
	};
	rootObject = 241532E62013054F00393B93 /* Project object */;
}
